
Microsoft Visual Studio Solution File, Format Version 12.00
# Visual Studio Version 17
VisualStudioVersion = 17.0.31903.59
MinimumVisualStudioVersion = 10.0.40219.1
Project("{FAE04EC0-301F-11D3-BF4B-00C04F79EFBC}") = "Domestos.Domain", "Domain\Domestos.Domain.csproj", "{CF78AFBB-4ADC-4A73-A00D-2033B0DAB88E}"
EndProject
Project("{FAE04EC0-301F-11D3-BF4B-00C04F79EFBC}") = "Domestos.Application", "Application\Domestos.Application.csproj", "{E5877EF2-F461-402A-9DF6-684C3D4B5EB2}"
EndProject
Project("{FAE04EC0-301F-11D3-BF4B-00C04F79EFBC}") = "Domestos.Infrastructure", "Infrastructure\Domestos.Infrastructure.csproj", "{599DB758-2AB9-4092-B9A4-15C2A96D5D6B}"
EndProject
Project("{FAE04EC0-301F-11D3-BF4B-00C04F79EFBC}") = "Domestos.WebApi", "WebApi\Domestos.WebApi.csproj", "{F4B4A341-1A44-4C91-AEDB-66F783470989}"
EndProject
Project("{FAE04EC0-301F-11D3-BF4B-00C04F79EFBC}") = "Domestos.Infrastructure.Persistence.Abstractions", "Infrastructure.Persistence.Abstractions\Domestos.Infrastructure.Persistence.Abstractions.csproj", "{0EE590C1-73B6-4520-BFD3-3BA01AAAB95C}"
EndProject
Project("{FAE04EC0-301F-11D3-BF4B-00C04F79EFBC}") = "Domestos.Infrastructure.Persistence.SqlServer", "Infrastructure.Persistence.SqlServer\Domestos.Infrastructure.Persistence.SqlServer.csproj", "{157B937D-B139-4B87-847B-05563CA05ECB}"
EndProject
Project("{FAE04EC0-301F-11D3-BF4B-00C04F79EFBC}") = "Domestos.Infrastructure.Persistence.PostgreSQL", "Infrastructure.Persistence.PostgreSQL\Domestos.Infrastructure.Persistence.PostgreSQL.csproj", "{872CC70B-743E-4BA8-AC1D-0133ED39B904}"
EndProject
Project("{FAE04EC0-301F-11D3-BF4B-00C04F79EFBC}") = "Domestos.Infrastructure.Persistence", "Infrastructure.Persistence\Domestos.Infrastructure.Persistence.csproj", "{3A9E48C5-ED62-4EC1-970C-8ACA9FD9A0B5}"
EndProject
Global
	GlobalSection(SolutionConfigurationPlatforms) = preSolution
		Debug|Any CPU = Debug|Any CPU
		Release|Any CPU = Release|Any CPU
	EndGlobalSection
	GlobalSection(SolutionProperties) = preSolution
		HideSolutionNode = FALSE
	EndGlobalSection
	GlobalSection(ProjectConfigurationPlatforms) = postSolution
		{CF78AFBB-4ADC-4A73-A00D-2033B0DAB88E}.Debug|Any CPU.ActiveCfg = Debug|Any CPU
		{CF78AFBB-4ADC-4A73-A00D-2033B0DAB88E}.Debug|Any CPU.Build.0 = Debug|Any CPU
		{CF78AFBB-4ADC-4A73-A00D-2033B0DAB88E}.Release|Any CPU.ActiveCfg = Release|Any CPU
		{CF78AFBB-4ADC-4A73-A00D-2033B0DAB88E}.Release|Any CPU.Build.0 = Release|Any CPU
		{E5877EF2-F461-402A-9DF6-684C3D4B5EB2}.Debug|Any CPU.ActiveCfg = Debug|Any CPU
		{E5877EF2-F461-402A-9DF6-684C3D4B5EB2}.Debug|Any CPU.Build.0 = Debug|Any CPU
		{E5877EF2-F461-402A-9DF6-684C3D4B5EB2}.Release|Any CPU.ActiveCfg = Release|Any CPU
		{E5877EF2-F461-402A-9DF6-684C3D4B5EB2}.Release|Any CPU.Build.0 = Release|Any CPU
		{599DB758-2AB9-4092-B9A4-15C2A96D5D6B}.Debug|Any CPU.ActiveCfg = Debug|Any CPU
		{599DB758-2AB9-4092-B9A4-15C2A96D5D6B}.Debug|Any CPU.Build.0 = Debug|Any CPU
		{599DB758-2AB9-4092-B9A4-15C2A96D5D6B}.Release|Any CPU.ActiveCfg = Release|Any CPU
		{599DB758-2AB9-4092-B9A4-15C2A96D5D6B}.Release|Any CPU.Build.0 = Release|Any CPU
		{F4B4A341-1A44-4C91-AEDB-66F783470989}.Debug|Any CPU.ActiveCfg = Debug|Any CPU
		{F4B4A341-1A44-4C91-AEDB-66F783470989}.Debug|Any CPU.Build.0 = Debug|Any CPU
		{F4B4A341-1A44-4C91-AEDB-66F783470989}.Release|Any CPU.ActiveCfg = Release|Any CPU
		{F4B4A341-1A44-4C91-AEDB-66F783470989}.Release|Any CPU.Build.0 = Release|Any CPU
		{0EE590C1-73B6-4520-BFD3-3BA01AAAB95C}.Debug|Any CPU.ActiveCfg = Debug|Any CPU
		{0EE590C1-73B6-4520-BFD3-3BA01AAAB95C}.Debug|Any CPU.Build.0 = Debug|Any CPU
		{0EE590C1-73B6-4520-BFD3-3BA01AAAB95C}.Release|Any CPU.ActiveCfg = Release|Any CPU
		{0EE590C1-73B6-4520-BFD3-3BA01AAAB95C}.Release|Any CPU.Build.0 = Release|Any CPU
		{157B937D-B139-4B87-847B-05563CA05ECB}.Debug|Any CPU.ActiveCfg = Debug|Any CPU
		{157B937D-B139-4B87-847B-05563CA05ECB}.Debug|Any CPU.Build.0 = Debug|Any CPU
		{157B937D-B139-4B87-847B-05563CA05ECB}.Release|Any CPU.ActiveCfg = Release|Any CPU
		{157B937D-B139-4B87-847B-05563CA05ECB}.Release|Any CPU.Build.0 = Release|Any CPU
		{872CC70B-743E-4BA8-AC1D-0133ED39B904}.Debug|Any CPU.ActiveCfg = Debug|Any CPU
		{872CC70B-743E-4BA8-AC1D-0133ED39B904}.Debug|Any CPU.Build.0 = Debug|Any CPU
		{872CC70B-743E-4BA8-AC1D-0133ED39B904}.Release|Any CPU.ActiveCfg = Release|Any CPU
		{872CC70B-743E-4BA8-AC1D-0133ED39B904}.Release|Any CPU.Build.0 = Release|Any CPU
		{3A9E48C5-ED62-4EC1-970C-8ACA9FD9A0B5}.Debug|Any CPU.ActiveCfg = Debug|Any CPU
		{3A9E48C5-ED62-4EC1-970C-8ACA9FD9A0B5}.Debug|Any CPU.Build.0 = Debug|Any CPU
		{3A9E48C5-ED62-4EC1-970C-8ACA9FD9A0B5}.Release|Any CPU.ActiveCfg = Release|Any CPU
		{3A9E48C5-ED62-4EC1-970C-8ACA9FD9A0B5}.Release|Any CPU.Build.0 = Release|Any CPU
	EndGlobalSection
EndGlobal
